
Microsoft Visual Studio Solution File, Format Version 12.00
# Visual Studio Version 17
VisualStudioVersion = 17.1.32319.34
MinimumVisualStudioVersion = 10.0.40219.1
Project("{8BC9CEB8-8B4A-11D0-8D11-00A0C91BC942}") = "JZOffer2", "JZOffer2\JZOffer2.vcxproj", "{77E46D24-071A-496C-9DE6-058705477ECE}"
EndProject
Global
	GlobalSection(SolutionConfigurationPlatforms) = preSolution
		Debug|x64 = Debug|x64
		Debug|x86 = Debug|x86
		Release|x64 = Release|x64
		Release|x86 = Release|x86
	EndGlobalSection
	GlobalSection(ProjectConfigurationPlatforms) = postSolution
		{77E46D24-071A-496C-9DE6-058705477ECE}.Debug|x64.ActiveCfg = Debug|x64
		{77E46D24-071A-496C-9DE6-058705477ECE}.Debug|x64.Build.0 = Debug|x64
		{77E46D24-071A-496C-9DE6-058705477ECE}.Debug|x86.ActiveCfg = Debug|Win32
		{77E46D24-071A-496C-9DE6-058705477ECE}.Debug|x86.Build.0 = Debug|Win32
		{77E46D24-071A-496C-9DE6-058705477ECE}.Release|x64.ActiveCfg = Release|x64
		{77E46D24-071A-496C-9DE6-058705477ECE}.Release|x64.Build.0 = Release|x64
		{77E46D24-071A-496C-9DE6-058705477ECE}.Release|x86.ActiveCfg = Release|Win32
		{77E46D24-071A-496C-9DE6-058705477ECE}.Release|x86.Build.0 = Release|Win32
	EndGlobalSection
	GlobalSection(SolutionProperties) = preSolution
		HideSolutionNode = FALSE
	EndGlobalSection
	GlobalSection(ExtensibilityGlobals) = postSolution
		SolutionGuid = {997905F6-F739-4D2F-9FAC-54BDB200C225}
	EndGlobalSection
EndGlobal
